<?xml version="1.0" encoding="utf-8"?>
<Project ToolsVersion="4.0" xmlns="http://schemas.microsoft.com/developer/msbuild/2003">
  <ItemGroup>
    <ClCompile Include="CConnectedComponent.cpp">
      <Filter>Source Files</Filter>
    </ClCompile>
    <ClCompile Include="CustomSVD.cpp">
      <Filter>Source Files</Filter>
    </ClCompile>
    <ClCompile Include="iniFileParser.cpp">
      <Filter>Source Files</Filter>
    </ClCompile>
    <ClCompile Include="MorphologicalOperation.cpp">
      <Filter>Source Files</Filter>
    </ClCompile>
    <ClCompile Include="UtilMatrix.cpp">
      <Filter>Source Files</Filter>
    </ClCompile>
    <ClCompile Include="UtilVnlMatrix.cpp">
      <Filter>Source Files</Filter>
    </ClCompile>
    <ClCompile Include="utility.cpp">
      <Filter>Source Files</Filter>
    </ClCompile>
    <ClCompile Include="zlib_compression.cpp">
      <Filter>Source Files</Filter>
    </ClCompile>
    <ClCompile Include="stdafx.cpp">
      <Filter>Source Files</Filter>
    </ClCompile>
  </ItemGroup>
  <ItemGroup>
    <ClInclude Include="CustomSVD.h">
      <Filter>Header Files</Filter>
    </ClInclude>
    <ClInclude Include="CConnectedComponent.h">
      <Filter>Header Files</Filter>
    </ClInclude>
    <ClInclude Include="iniFileParser.h">
      <Filter>Header Files</Filter>
    </ClInclude>
    <ClInclude Include="MorphologicalOperation.h">
      <Filter>Header Files</Filter>
    </ClInclude>
    <ClInclude Include="UtilMatrix.h">
      <Filter>Header Files</Filter>
    </ClInclude>
    <ClInclude Include="UtilVnlMatrix.h">
      <Filter>Header Files</Filter>
    </ClInclude>
    <ClInclude Include="utility.h">
      <Filter>Header Files</Filter>
    </ClInclude>
    <ClInclude Include="VecOperation.h">
      <Filter>Header Files</Filter>
    </ClInclude>
    <ClInclude Include="UtilVnlMatrix.hpp">
      <Filter>Header Files</Filter>
    </ClInclude>
    <ClInclude Include="VoxelMatrix.h">
      <Filter>Header Files</Filter>
    </ClInclude>
    <ClInclude Include="VilToOpenCv.h">
      <Filter>Header Files</Filter>
    </ClInclude>
    <ClInclude Include="zlib_compression.h">
      <Filter>Header Files</Filter>
    </ClInclude>
    <ClInclude Include="BoundingBox3D.h">
      <Filter>Header Files</Filter>
    </ClInclude>
    <ClInclude Include="stdafx.h">
      <Filter>Header Files</Filter>
    </ClInclude>
    <ClInclude Include="CDepthBias.h">
      <Filter>Header Files</Filter>
    </ClInclude>
    <ClInclude Include="UtilMatrix.hpp">
      <Filter>Header Files</Filter>
    </ClInclude>
    <ClInclude Include="color_map.h">
      <Filter>Header Files</Filter>
    </ClInclude>
  </ItemGroup>
  <ItemGroup>
    <Filter Include="Source Files">
      <UniqueIdentifier>{4FC737F1-C7A5-4376-A066-2A32D752A2FF}</UniqueIdentifier>
      <Extensions>cpp;c;cc;cxx;def;odl;idl;hpj;bat;asm;asmx</Extensions>
    </Filter>
    <Filter Include="Header Files">
      <UniqueIdentifier>{93995380-89BD-4b04-88EB-625FBE52EBFB}</UniqueIdentifier>
      <Extensions>h;hpp;hxx;hm;inl;inc;xsd</Extensions>
    </Filter>
    <Filter Include="Resource Files">
      <UniqueIdentifier>{67DA6AB6-F800-4c08-8B7A-83BB121AAD01}</UniqueIdentifier>
      <Extensions>rc;ico;cur;bmp;dlg;rc2;rct;bin;rgs;gif;jpg;jpeg;jpe;resx;tiff;tif;png;wav</Extensions>
    </Filter>
  </ItemGroup>
  <ItemGroup>
    <None Include="VecOperation.inl">
      <Filter>Header Files</Filter>
    </None>
  </ItemGroup>
</Project>