<?xml version="1.0" encoding="utf-8"?>
<Project ToolsVersion="4.0" xmlns="http://schemas.microsoft.com/developer/msbuild/2003">
  <ItemGroup>
    <Filter Include="Source Files">
      <UniqueIdentifier>{4FC737F1-C7A5-4376-A066-2A32D752A2FF}</UniqueIdentifier>
      <Extensions>cpp;c;cc;cxx;def;odl;idl;hpj;bat;asm;asmx</Extensions>
    </Filter>
    <Filter Include="Header Files">
      <UniqueIdentifier>{93995380-89BD-4b04-88EB-625FBE52EBFB}</UniqueIdentifier>
      <Extensions>h;hpp;hxx;hm;inl;inc;xsd</Extensions>
    </Filter>
  </ItemGroup>
  <ItemGroup>
    <ClCompile Include="basic_geometry.cpp">
      <Filter>Source Files</Filter>
    </ClCompile>
    <ClCompile Include="basic_structure.cpp">
      <Filter>Source Files</Filter>
    </ClCompile>
    <ClCompile Include="KL_features.cpp">
      <Filter>Source Files</Filter>
    </ClCompile>
    <ClCompile Include="distortion_correction.cpp">
      <Filter>Source Files</Filter>
    </ClCompile>
    <ClCompile Include="TSDF.cpp">
      <Filter>Source Files</Filter>
    </ClCompile>
    <ClCompile Include="depth_map_filter.cpp">
      <Filter>Source Files</Filter>
    </ClCompile>
    <ClCompile Include="DDF.cpp">
      <Filter>Source Files</Filter>
    </ClCompile>
    <ClCompile Include="visual_feature_matching.cpp">
      <Filter>Source Files</Filter>
    </ClCompile>
    <ClCompile Include="stdafx.cpp">
      <Filter>Source Files</Filter>
    </ClCompile>
    <ClCompile Include="track_extraction_basic.cpp">
      <Filter>Source Files</Filter>
    </ClCompile>
    <ClCompile Include="S3DPointMatchSet.cpp">
      <Filter>Source Files</Filter>
    </ClCompile>
    <ClCompile Include="voxel_data_io.cpp">
      <Filter>Source Files</Filter>
    </ClCompile>
    <ClCompile Include="normal_estimation.cpp">
      <Filter>Source Files</Filter>
    </ClCompile>
  </ItemGroup>
  <ItemGroup>
    <ClInclude Include="basic_geometry.h">
      <Filter>Header Files</Filter>
    </ClInclude>
    <ClInclude Include="basic_structure.h">
      <Filter>Header Files</Filter>
    </ClInclude>
    <ClInclude Include="KL_features.h">
      <Filter>Header Files</Filter>
    </ClInclude>
    <ClInclude Include="basic_geometry.hpp">
      <Filter>Header Files</Filter>
    </ClInclude>
    <ClInclude Include="surface_misc.h">
      <Filter>Header Files</Filter>
    </ClInclude>
    <ClInclude Include="surface_misc.hpp">
      <Filter>Header Files</Filter>
    </ClInclude>
    <ClInclude Include="distortion_correction.h">
      <Filter>Header Files</Filter>
    </ClInclude>
    <ClInclude Include="distortion_correction.hpp">
      <Filter>Header Files</Filter>
    </ClInclude>
    <ClInclude Include="TSDF.h">
      <Filter>Header Files</Filter>
    </ClInclude>
    <ClInclude Include="depth_map_filter.h">
      <Filter>Header Files</Filter>
    </ClInclude>
    <ClInclude Include="DDF.h">
      <Filter>Header Files</Filter>
    </ClInclude>
    <ClInclude Include="visual_feature_matching.h">
      <Filter>Header Files</Filter>
    </ClInclude>
    <ClInclude Include="bgSub.h">
      <Filter>Header Files</Filter>
    </ClInclude>
    <ClInclude Include="stdafx.h">
      <Filter>Header Files</Filter>
    </ClInclude>
    <ClInclude Include="basic_structure.hpp">
      <Filter>Header Files</Filter>
    </ClInclude>
    <ClInclude Include="RigidTransformModel.h">
      <Filter>Header Files</Filter>
    </ClInclude>
    <ClInclude Include="track_extraction_basic.h">
      <Filter>Header Files</Filter>
    </ClInclude>
    <ClInclude Include="func_jacobians.h">
      <Filter>Header Files</Filter>
    </ClInclude>
    <ClInclude Include="S3DPointMatchSet.h">
      <Filter>Header Files</Filter>
    </ClInclude>
    <ClInclude Include="voxel_data_io.h">
      <Filter>Header Files</Filter>
    </ClInclude>
    <ClInclude Include="normal_estimation.h">
      <Filter>Header Files</Filter>
    </ClInclude>
  </ItemGroup>
</Project>