<?xml version="1.0" encoding="utf-8"?>
<Project ToolsVersion="4.0" xmlns="http://schemas.microsoft.com/developer/msbuild/2003">
  <ItemGroup>
    <Filter Include="Source Files">
      <UniqueIdentifier>{4FC737F1-C7A5-4376-A066-2A32D752A2FF}</UniqueIdentifier>
      <Extensions>cpp;c;cc;cxx;def;odl;idl;hpj;bat;asm;asmx</Extensions>
    </Filter>
    <Filter Include="Header Files">
      <UniqueIdentifier>{93995380-89BD-4b04-88EB-625FBE52EBFB}</UniqueIdentifier>
      <Extensions>h;hpp;hxx;hm;inl;inc;xsd</Extensions>
    </Filter>
  </ItemGroup>
  <ItemGroup>
    <ClInclude Include="DeformGraph.h">
      <Filter>Header Files</Filter>
    </ClInclude>
    <ClInclude Include="DeformGraphCore.h">
      <Filter>Header Files</Filter>
    </ClInclude>
    <ClInclude Include="nonrigid_matching_surface.h">
      <Filter>Header Files</Filter>
    </ClInclude>
    <ClInclude Include="surface_geodesic_distance.h">
      <Filter>Header Files</Filter>
    </ClInclude>
    <ClInclude Include="DeformationGraphOptBasic.h">
      <Filter>Header Files</Filter>
    </ClInclude>
    <ClInclude Include="DeformGraphOptDensePtsAndClr.h">
      <Filter>Header Files</Filter>
    </ClInclude>
    <ClInclude Include="DeformationGraphOptPlus.h">
      <Filter>Header Files</Filter>
    </ClInclude>
    <ClInclude Include="LMICP.h">
      <Filter>Header Files</Filter>
    </ClInclude>
    <ClInclude Include="affines_nonrigid_pw_opt.h">
      <Filter>Header Files</Filter>
    </ClInclude>
  </ItemGroup>
  <ItemGroup>
    <ClCompile Include="DeformGraph.cpp">
      <Filter>Source Files</Filter>
    </ClCompile>
    <ClCompile Include="nonrigid_matching_surface.cpp">
      <Filter>Source Files</Filter>
    </ClCompile>
    <ClCompile Include="surface_geodesic_distance.cpp">
      <Filter>Source Files</Filter>
    </ClCompile>
    <ClCompile Include="DeformationGraphOptBasic_ceres.cpp">
      <Filter>Source Files</Filter>
    </ClCompile>
    <ClCompile Include="DeformationGraphOptPlus_ceres.cpp">
      <Filter>Source Files</Filter>
    </ClCompile>
    <ClCompile Include="DeformGraphOptDensePtsAndClr_ceres.cpp">
      <Filter>Source Files</Filter>
    </ClCompile>
    <ClCompile Include="LMICP.cpp">
      <Filter>Source Files</Filter>
    </ClCompile>
    <ClCompile Include="affines_nonrigid_pw_opt.cpp">
      <Filter>Source Files</Filter>
    </ClCompile>
  </ItemGroup>
</Project>